// !$*UTF8*$!
{
	archiveVersion = 1;
	classes = {
	};
	objectVersion = 55;
	objects = {

/* Begin PBXBuildFile section */
		8D495ABB288ADBF70063D5FA /* CartViewModel.swift in Sources */ = {isa = PBXBuildFile; fileRef = 8D495ABA288ADBF70063D5FA /* CartViewModel.swift */; };
		8D495ABD288ADCF10063D5FA /* Position.swift in Sources */ = {isa = PBXBuildFile; fileRef = 8D495ABC288ADCF10063D5FA /* Position.swift */; };
		8D495ABF288AF0870063D5FA /* PositionCell.swift in Sources */ = {isa = PBXBuildFile; fileRef = 8D495ABE288AF0870063D5FA /* PositionCell.swift */; };
		8D5990AB288839D4006550A1 /* CatalogViewModel.swift in Sources */ = {isa = PBXBuildFile; fileRef = 8D5990AA288839D4006550A1 /* CatalogViewModel.swift */; };
		8D5990AE28884383006550A1 /* ProductDetailView.swift in Sources */ = {isa = PBXBuildFile; fileRef = 8D5990AD28884383006550A1 /* ProductDetailView.swift */; };
		8D5990B028885B3F006550A1 /* ProductDetailVievModel.swift in Sources */ = {isa = PBXBuildFile; fileRef = 8D5990AF28885B3F006550A1 /* ProductDetailVievModel.swift */; };
		8DDF7A112885CB3E0076C06A /* MateMate.swift in Sources */ = {isa = PBXBuildFile; fileRef = 8DDF7A102885CB3E0076C06A /* MateMate.swift */; };
		8DDF7A132885CB3E0076C06A /* AuthView.swift in Sources */ = {isa = PBXBuildFile; fileRef = 8DDF7A122885CB3E0076C06A /* AuthView.swift */; };
		8DDF7A152885CB410076C06A /* Assets.xcassets in Resources */ = {isa = PBXBuildFile; fileRef = 8DDF7A142885CB410076C06A /* Assets.xcassets */; };
		8DDF7A182885CB410076C06A /* Preview Assets.xcassets in Resources */ = {isa = PBXBuildFile; fileRef = 8DDF7A172885CB410076C06A /* Preview Assets.xcassets */; };
		8DDF7A1F28880E450076C06A /* MainTabBar.swift in Sources */ = {isa = PBXBuildFile; fileRef = 8DDF7A1E28880E450076C06A /* MainTabBar.swift */; };
		8DDF7A21288813DF0076C06A /* CatalogView.swift in Sources */ = {isa = PBXBuildFile; fileRef = 8DDF7A20288813DF0076C06A /* CatalogView.swift */; };
		8DDF7A23288814040076C06A /* CartView.swift in Sources */ = {isa = PBXBuildFile; fileRef = 8DDF7A22288814040076C06A /* CartView.swift */; };
		8DDF7A25288814270076C06A /* ProfileView.swift in Sources */ = {isa = PBXBuildFile; fileRef = 8DDF7A24288814270076C06A /* ProfileView.swift */; };
		8DDF7A28288816B30076C06A /* Product.swift in Sources */ = {isa = PBXBuildFile; fileRef = 8DDF7A27288816B30076C06A /* Product.swift */; };
		8DDF7A2B288817590076C06A /* ProductCell.swift in Sources */ = {isa = PBXBuildFile; fileRef = 8DDF7A2A288817590076C06A /* ProductCell.swift */; };
/* End PBXBuildFile section */

/* Begin PBXFileReference section */
		8D495ABA288ADBF70063D5FA /* CartViewModel.swift */ = {isa = PBXFileReference; lastKnownFileType = sourcecode.swift; path = CartViewModel.swift; sourceTree = "<group>"; };
		8D495ABC288ADCF10063D5FA /* Position.swift */ = {isa = PBXFileReference; lastKnownFileType = sourcecode.swift; path = Position.swift; sourceTree = "<group>"; };
		8D495ABE288AF0870063D5FA /* PositionCell.swift */ = {isa = PBXFileReference; lastKnownFileType = sourcecode.swift; path = PositionCell.swift; sourceTree = "<group>"; };
		8D5990AA288839D4006550A1 /* CatalogViewModel.swift */ = {isa = PBXFileReference; lastKnownFileType = sourcecode.swift; path = CatalogViewModel.swift; sourceTree = "<group>"; };
		8D5990AD28884383006550A1 /* ProductDetailView.swift */ = {isa = PBXFileReference; lastKnownFileType = sourcecode.swift; path = ProductDetailView.swift; sourceTree = "<group>"; };
		8D5990AF28885B3F006550A1 /* ProductDetailVievModel.swift */ = {isa = PBXFileReference; lastKnownFileType = sourcecode.swift; path = ProductDetailVievModel.swift; sourceTree = "<group>"; };
		8DDF7A0D2885CB3E0076C06A /* game4Two.app */ = {isa = PBXFileReference; explicitFileType = wrapper.application; includeInIndex = 0; path = game4Two.app; sourceTree = BUILT_PRODUCTS_DIR; };
		8DDF7A102885CB3E0076C06A /* MateMate.swift */ = {isa = PBXFileReference; lastKnownFileType = sourcecode.swift; path = MateMate.swift; sourceTree = "<group>"; };
		8DDF7A122885CB3E0076C06A /* AuthView.swift */ = {isa = PBXFileReference; lastKnownFileType = sourcecode.swift; path = AuthView.swift; sourceTree = "<group>"; };
		8DDF7A142885CB410076C06A /* Assets.xcassets */ = {isa = PBXFileReference; lastKnownFileType = folder.assetcatalog; path = Assets.xcassets; sourceTree = "<group>"; };
		8DDF7A172885CB410076C06A /* Preview Assets.xcassets */ = {isa = PBXFileReference; lastKnownFileType = folder.assetcatalog; path = "Preview Assets.xcassets"; sourceTree = "<group>"; };
		8DDF7A1E28880E450076C06A /* MainTabBar.swift */ = {isa = PBXFileReference; lastKnownFileType = sourcecode.swift; path = MainTabBar.swift; sourceTree = "<group>"; };
		8DDF7A20288813DF0076C06A /* CatalogView.swift */ = {isa = PBXFileReference; lastKnownFileType = sourcecode.swift; path = CatalogView.swift; sourceTree = "<group>"; };
		8DDF7A22288814040076C06A /* CartView.swift */ = {isa = PBXFileReference; lastKnownFileType = sourcecode.swift; path = CartView.swift; sourceTree = "<group>"; };
		8DDF7A24288814270076C06A /* ProfileView.swift */ = {isa = PBXFileReference; lastKnownFileType = sourcecode.swift; path = ProfileView.swift; sourceTree = "<group>"; };
		8DDF7A27288816B30076C06A /* Product.swift */ = {isa = PBXFileReference; lastKnownFileType = sourcecode.swift; path = Product.swift; sourceTree = "<group>"; };
		8DDF7A2A288817590076C06A /* ProductCell.swift */ = {isa = PBXFileReference; lastKnownFileType = sourcecode.swift; path = ProductCell.swift; sourceTree = "<group>"; };
/* End PBXFileReference section */

/* Begin PBXFrameworksBuildPhase section */
		8DDF7A0A2885CB3E0076C06A /* Frameworks */ = {
			isa = PBXFrameworksBuildPhase;
			buildActionMask = 2147483647;
			files = (
			);
			runOnlyForDeploymentPostprocessing = 0;
		};
/* End PBXFrameworksBuildPhase section */

/* Begin PBXGroup section */
		8D5990A9288839A5006550A1 /* Model */ = {
			isa = PBXGroup;
			children = (
				8DDF7A27288816B30076C06A /* Product.swift */,
				8D495ABC288ADCF10063D5FA /* Position.swift */,
			);
			path = Model;
			sourceTree = "<group>";
		};
		8D5990AC288839D9006550A1 /* ViewModel */ = {
			isa = PBXGroup;
			children = (
				8D5990AA288839D4006550A1 /* CatalogViewModel.swift */,
				8D495ABA288ADBF70063D5FA /* CartViewModel.swift */,
				8D5990AF28885B3F006550A1 /* ProductDetailVievModel.swift */,
			);
			path = ViewModel;
			sourceTree = "<group>";
		};
		8DDF7A042885CB3E0076C06A = {
			isa = PBXGroup;
			children = (
				8DDF7A0F2885CB3E0076C06A /* game4Two */,
				8DDF7A0E2885CB3E0076C06A /* Products */,
			);
			sourceTree = "<group>";
		};
		8DDF7A0E2885CB3E0076C06A /* Products */ = {
			isa = PBXGroup;
			children = (
				8DDF7A0D2885CB3E0076C06A /* game4Two.app */,
			);
			name = Products;
			sourceTree = "<group>";
		};
		8DDF7A0F2885CB3E0076C06A /* game4Two */ = {
			isa = PBXGroup;
			children = (
				8DDF7A102885CB3E0076C06A /* MateMate.swift */,
				8D5990A9288839A5006550A1 /* Model */,
				8DDF7A26288816780076C06A /* View */,
				8D5990AC288839D9006550A1 /* ViewModel */,
				8DDF7A142885CB410076C06A /* Assets.xcassets */,
				8DDF7A162885CB410076C06A /* Preview Content */,
			);
			path = game4Two;
			sourceTree = "<group>";
		};
		8DDF7A162885CB410076C06A /* Preview Content */ = {
			isa = PBXGroup;
			children = (
				8DDF7A172885CB410076C06A /* Preview Assets.xcassets */,
			);
			path = "Preview Content";
			sourceTree = "<group>";
		};
		8DDF7A26288816780076C06A /* View */ = {
			isa = PBXGroup;
			children = (
				8DDF7A1E28880E450076C06A /* MainTabBar.swift */,
				8DDF7A122885CB3E0076C06A /* AuthView.swift */,
				8DDF7A20288813DF0076C06A /* CatalogView.swift */,
				8D5990AD28884383006550A1 /* ProductDetailView.swift */,
				8DDF7A22288814040076C06A /* CartView.swift */,
				8DDF7A24288814270076C06A /* ProfileView.swift */,
				8DDF7A292888173F0076C06A /* Components */,
			);
			path = View;
			sourceTree = "<group>";
		};
		8DDF7A292888173F0076C06A /* Components */ = {
			isa = PBXGroup;
			children = (
				8DDF7A2A288817590076C06A /* ProductCell.swift */,
				8D495ABE288AF0870063D5FA /* PositionCell.swift */,
			);
			path = Components;
			sourceTree = "<group>";
		};
/* End PBXGroup section */

/* Begin PBXNativeTarget section */
		8DDF7A0C2885CB3E0076C06A /* game4Two */ = {
			isa = PBXNativeTarget;
			buildConfigurationList = 8DDF7A1B2885CB410076C06A /* Build configuration list for PBXNativeTarget "game4Two" */;
			buildPhases = (
				8DDF7A092885CB3E0076C06A /* Sources */,
				8DDF7A0A2885CB3E0076C06A /* Frameworks */,
				8DDF7A0B2885CB3E0076C06A /* Resources */,
			);
			buildRules = (
			);
			dependencies = (
			);
			name = game4Two;
			productName = game4Two;
			productReference = 8DDF7A0D2885CB3E0076C06A /* game4Two.app */;
			productType = "com.apple.product-type.application";
		};
/* End PBXNativeTarget section */

/* Begin PBXProject section */
		8DDF7A052885CB3E0076C06A /* Project object */ = {
			isa = PBXProject;
			attributes = {
				BuildIndependentTargetsInParallel = 1;
				LastSwiftUpdateCheck = 1340;
				LastUpgradeCheck = 1340;
				TargetAttributes = {
					8DDF7A0C2885CB3E0076C06A = {
						CreatedOnToolsVersion = 13.4.1;
					};
				};
			};
			buildConfigurationList = 8DDF7A082885CB3E0076C06A /* Build configuration list for PBXProject "game4Two" */;
			compatibilityVersion = "Xcode 13.0";
			developmentRegion = en;
			hasScannedForEncodings = 0;
			knownRegions = (
				en,
				Base,
			);
			mainGroup = 8DDF7A042885CB3E0076C06A;
			productRefGroup = 8DDF7A0E2885CB3E0076C06A /* Products */;
			projectDirPath = "";
			projectRoot = "";
			targets = (
				8DDF7A0C2885CB3E0076C06A /* game4Two */,
			);
		};
/* End PBXProject section */

/* Begin PBXResourcesBuildPhase section */
		8DDF7A0B2885CB3E0076C06A /* Resources */ = {
			isa = PBXResourcesBuildPhase;
			buildActionMask = 2147483647;
			files = (
				8DDF7A182885CB410076C06A /* Preview Assets.xcassets in Resources */,
				8DDF7A152885CB410076C06A /* Assets.xcassets in Resources */,
			);
			runOnlyForDeploymentPostprocessing = 0;
		};
/* End PBXResourcesBuildPhase section */

/* Begin PBXSourcesBuildPhase section */
		8DDF7A092885CB3E0076C06A /* Sources */ = {
			isa = PBXSourcesBuildPhase;
			buildActionMask = 2147483647;
			files = (
				8D495ABB288ADBF70063D5FA /* CartViewModel.swift in Sources */,
				8DDF7A23288814040076C06A /* CartView.swift in Sources */,
				8D5990AE28884383006550A1 /* ProductDetailView.swift in Sources */,
				8DDF7A1F28880E450076C06A /* MainTabBar.swift in Sources */,
				8DDF7A132885CB3E0076C06A /* AuthView.swift in Sources */,
				8DDF7A21288813DF0076C06A /* CatalogView.swift in Sources */,
				8D495ABF288AF0870063D5FA /* PositionCell.swift in Sources */,
				8DDF7A25288814270076C06A /* ProfileView.swift in Sources */,
				8D495ABD288ADCF10063D5FA /* Position.swift in Sources */,
				8D5990B028885B3F006550A1 /* ProductDetailVievModel.swift in Sources */,
				8DDF7A2B288817590076C06A /* ProductCell.swift in Sources */,
				8DDF7A112885CB3E0076C06A /* MateMate.swift in Sources */,
				8DDF7A28288816B30076C06A /* Product.swift in Sources */,
				8D5990AB288839D4006550A1 /* CatalogViewModel.swift in Sources */,
			);
			runOnlyForDeploymentPostprocessing = 0;
		};
/* End PBXSourcesBuildPhase section */

/* Begin XCBuildConfiguration section */
		8DDF7A192885CB410076C06A /* Debug */ = {
			isa = XCBuildConfiguration;
			buildSettings = {
				ALWAYS_SEARCH_USER_PATHS = NO;
				CLANG_ANALYZER_NONNULL = YES;
				CLANG_ANALYZER_NUMBER_OBJECT_CONVERSION = YES_AGGRESSIVE;
				CLANG_CXX_LANGUAGE_STANDARD = "gnu++17";
				CLANG_ENABLE_MODULES = YES;
				CLANG_ENABLE_OBJC_ARC = YES;
				CLANG_ENABLE_OBJC_WEAK = YES;
				CLANG_WARN_BLOCK_CAPTURE_AUTORELEASING = YES;
				CLANG_WARN_BOOL_CONVERSION = YES;
				CLANG_WARN_COMMA = YES;
				CLANG_WARN_CONSTANT_CONVERSION = YES;
				CLANG_WARN_DEPRECATED_OBJC_IMPLEMENTATIONS = YES;
				CLANG_WARN_DIRECT_OBJC_ISA_USAGE = YES_ERROR;
				CLANG_WARN_DOCUMENTATION_COMMENTS = YES;
				CLANG_WARN_EMPTY_BODY = YES;
				CLANG_WARN_ENUM_CONVERSION = YES;
				CLANG_WARN_INFINITE_RECURSION = YES;
				CLANG_WARN_INT_CONVERSION = YES;
				CLANG_WARN_NON_LITERAL_NULL_CONVERSION = YES;
				CLANG_WARN_OBJC_IMPLICIT_RETAIN_SELF = YES;
				CLANG_WARN_OBJC_LITERAL_CONVERSION = YES;
				CLANG_WARN_OBJC_ROOT_CLASS = YES_ERROR;
				CLANG_WARN_QUOTED_INCLUDE_IN_FRAMEWORK_HEADER = YES;
				CLANG_WARN_RANGE_LOOP_ANALYSIS = YES;
				CLANG_WARN_STRICT_PROTOTYPES = YES;
				CLANG_WARN_SUSPICIOUS_MOVE = YES;
				CLANG_WARN_UNGUARDED_AVAILABILITY = YES_AGGRESSIVE;
				CLANG_WARN_UNREACHABLE_CODE = YES;
				CLANG_WARN__DUPLICATE_METHOD_MATCH = YES;
				COPY_PHASE_STRIP = NO;
				DEBUG_INFORMATION_FORMAT = dwarf;
				ENABLE_STRICT_OBJC_MSGSEND = YES;
				ENABLE_TESTABILITY = YES;
				GCC_C_LANGUAGE_STANDARD = gnu11;
				GCC_DYNAMIC_NO_PIC = NO;
				GCC_NO_COMMON_BLOCKS = YES;
				GCC_OPTIMIZATION_LEVEL = 0;
				GCC_PREPROCESSOR_DEFINITIONS = (
					"DEBUG=1",
					"$(inherited)",
				);
				GCC_WARN_64_TO_32_BIT_CONVERSION = YES;
				GCC_WARN_ABOUT_RETURN_TYPE = YES_ERROR;
				GCC_WARN_UNDECLARED_SELECTOR = YES;
				GCC_WARN_UNINITIALIZED_AUTOS = YES_AGGRESSIVE;
				GCC_WARN_UNUSED_FUNCTION = YES;
				GCC_WARN_UNUSED_VARIABLE = YES;
				IPHONEOS_DEPLOYMENT_TARGET = 15.5;
				MTL_ENABLE_DEBUG_INFO = INCLUDE_SOURCE;
				MTL_FAST_MATH = YES;
				ONLY_ACTIVE_ARCH = YES;
				SDKROOT = iphoneos;
				SWIFT_ACTIVE_COMPILATION_CONDITIONS = DEBUG;
				SWIFT_OPTIMIZATION_LEVEL = "-Onone";
			};
			name = Debug;
		};
		8DDF7A1A2885CB410076C06A /* Release */ = {
			isa = XCBuildConfiguration;
			buildSettings = {
				ALWAYS_SEARCH_USER_PATHS = NO;
				CLANG_ANALYZER_NONNULL = YES;
				CLANG_ANALYZER_NUMBER_OBJECT_CONVERSION = YES_AGGRESSIVE;
				CLANG_CXX_LANGUAGE_STANDARD = "gnu++17";
				CLANG_ENABLE_MODULES = YES;
				CLANG_ENABLE_OBJC_ARC = YES;
				CLANG_ENABLE_OBJC_WEAK = YES;
				CLANG_WARN_BLOCK_CAPTURE_AUTORELEASING = YES;
				CLANG_WARN_BOOL_CONVERSION = YES;
				CLANG_WARN_COMMA = YES;
				CLANG_WARN_CONSTANT_CONVERSION = YES;
				CLANG_WARN_DEPRECATED_OBJC_IMPLEMENTATIONS = YES;
				CLANG_WARN_DIRECT_OBJC_ISA_USAGE = YES_ERROR;
				CLANG_WARN_DOCUMENTATION_COMMENTS = YES;
				CLANG_WARN_EMPTY_BODY = YES;
				CLANG_WARN_ENUM_CONVERSION = YES;
				CLANG_WARN_INFINITE_RECURSION = YES;
				CLANG_WARN_INT_CONVERSION = YES;
				CLANG_WARN_NON_LITERAL_NULL_CONVERSION = YES;
				CLANG_WARN_OBJC_IMPLICIT_RETAIN_SELF = YES;
				CLANG_WARN_OBJC_LITERAL_CONVERSION = YES;
				CLANG_WARN_OBJC_ROOT_CLASS = YES_ERROR;
				CLANG_WARN_QUOTED_INCLUDE_IN_FRAMEWORK_HEADER = YES;
				CLANG_WARN_RANGE_LOOP_ANALYSIS = YES;
				CLANG_WARN_STRICT_PROTOTYPES = YES;
				CLANG_WARN_SUSPICIOUS_MOVE = YES;
				CLANG_WARN_UNGUARDED_AVAILABILITY = YES_AGGRESSIVE;
				CLANG_WARN_UNREACHABLE_CODE = YES;
				CLANG_WARN__DUPLICATE_METHOD_MATCH = YES;
				COPY_PHASE_STRIP = NO;
				DEBUG_INFORMATION_FORMAT = "dwarf-with-dsym";
				ENABLE_NS_ASSERTIONS = NO;
				ENABLE_STRICT_OBJC_MSGSEND = YES;
				GCC_C_LANGUAGE_STANDARD = gnu11;
				GCC_NO_COMMON_BLOCKS = YES;
				GCC_WARN_64_TO_32_BIT_CONVERSION = YES;
				GCC_WARN_ABOUT_RETURN_TYPE = YES_ERROR;
				GCC_WARN_UNDECLARED_SELECTOR = YES;
				GCC_WARN_UNINITIALIZED_AUTOS = YES_AGGRESSIVE;
				GCC_WARN_UNUSED_FUNCTION = YES;
				GCC_WARN_UNUSED_VARIABLE = YES;
				IPHONEOS_DEPLOYMENT_TARGET = 15.5;
				MTL_ENABLE_DEBUG_INFO = NO;
				MTL_FAST_MATH = YES;
				SDKROOT = iphoneos;
				SWIFT_COMPILATION_MODE = wholemodule;
				SWIFT_OPTIMIZATION_LEVEL = "-O";
				VALIDATE_PRODUCT = YES;
			};
			name = Release;
		};
		8DDF7A1C2885CB410076C06A /* Debug */ = {
			isa = XCBuildConfiguration;
			buildSettings = {
				ASSETCATALOG_COMPILER_APPICON_NAME = AppIcon;
				ASSETCATALOG_COMPILER_GLOBAL_ACCENT_COLOR_NAME = AccentColor;
				CODE_SIGN_STYLE = Automatic;
				CURRENT_PROJECT_VERSION = 1;
				DEVELOPMENT_ASSET_PATHS = "\"game4Two/Preview Content\"";
				DEVELOPMENT_TEAM = 79GHQ256TM;
				ENABLE_PREVIEWS = YES;
				GENERATE_INFOPLIST_FILE = YES;
				INFOPLIST_KEY_UIApplicationSceneManifest_Generation = YES;
				INFOPLIST_KEY_UIApplicationSupportsIndirectInputEvents = YES;
				INFOPLIST_KEY_UILaunchScreen_Generation = YES;
				INFOPLIST_KEY_UISupportedInterfaceOrientations_iPad = "UIInterfaceOrientationPortrait UIInterfaceOrientationPortraitUpsideDown UIInterfaceOrientationLandscapeLeft UIInterfaceOrientationLandscapeRight";
				INFOPLIST_KEY_UISupportedInterfaceOrientations_iPhone = "UIInterfaceOrientationPortrait UIInterfaceOrientationLandscapeLeft UIInterfaceOrientationLandscapeRight";
				LD_RUNPATH_SEARCH_PATHS = (
					"$(inherited)",
					"@executable_path/Frameworks",
				);
				MARKETING_VERSION = 1.0;
				PRODUCT_BUNDLE_IDENTIFIER = com.manev.mikhail.game4Two;
				PRODUCT_NAME = "$(TARGET_NAME)";
				SWIFT_EMIT_LOC_STRINGS = YES;
				SWIFT_VERSION = 5.0;
				TARGETED_DEVICE_FAMILY = "1,2";
			};
			name = Debug;
		};
		8DDF7A1D2885CB410076C06A /* Release */ = {
			isa = XCBuildConfiguration;
			buildSettings = {
				ASSETCATALOG_COMPILER_APPICON_NAME = AppIcon;
				ASSETCATALOG_COMPILER_GLOBAL_ACCENT_COLOR_NAME = AccentColor;
				CODE_SIGN_STYLE = Automatic;
				CURRENT_PROJECT_VERSION = 1;
				DEVELOPMENT_ASSET_PATHS = "\"game4Two/Preview Content\"";
				DEVELOPMENT_TEAM = 79GHQ256TM;
				ENABLE_PREVIEWS = YES;
				GENERATE_INFOPLIST_FILE = YES;
				INFOPLIST_KEY_UIApplicationSceneManifest_Generation = YES;
				INFOPLIST_KEY_UIApplicationSupportsIndirectInputEvents = YES;
				INFOPLIST_KEY_UILaunchScreen_Generation = YES;
				INFOPLIST_KEY_UISupportedInterfaceOrientations_iPad = "UIInterfaceOrientationPortrait UIInterfaceOrientationPortraitUpsideDown UIInterfaceOrientationLandscapeLeft UIInterfaceOrientationLandscapeRight";
				INFOPLIST_KEY_UISupportedInterfaceOrientations_iPhone = "UIInterfaceOrientationPortrait UIInterfaceOrientationLandscapeLeft UIInterfaceOrientationLandscapeRight";
				LD_RUNPATH_SEARCH_PATHS = (
					"$(inherited)",
					"@executable_path/Frameworks",
				);
				MARKETING_VERSION = 1.0;
				PRODUCT_BUNDLE_IDENTIFIER = com.manev.mikhail.game4Two;
				PRODUCT_NAME = "$(TARGET_NAME)";
				SWIFT_EMIT_LOC_STRINGS = YES;
				SWIFT_VERSION = 5.0;
				TARGETED_DEVICE_FAMILY = "1,2";
			};
			name = Release;
		};
/* End XCBuildConfiguration section */

/* Begin XCConfigurationList section */
		8DDF7A082885CB3E0076C06A /* Build configuration list for PBXProject "game4Two" */ = {
			isa = XCConfigurationList;
			buildConfigurations = (
				8DDF7A192885CB410076C06A /* Debug */,
				8DDF7A1A2885CB410076C06A /* Release */,
			);
			defaultConfigurationIsVisible = 0;
			defaultConfigurationName = Release;
		};
		8DDF7A1B2885CB410076C06A /* Build configuration list for PBXNativeTarget "game4Two" */ = {
			isa = XCConfigurationList;
			buildConfigurations = (
				8DDF7A1C2885CB410076C06A /* Debug */,
				8DDF7A1D2885CB410076C06A /* Release */,
			);
			defaultConfigurationIsVisible = 0;
			defaultConfigurationName = Release;
		};
/* End XCConfigurationList section */
	};
	rootObject = 8DDF7A052885CB3E0076C06A /* Project object */;
}
